// !$*UTF8*$!
{
	archiveVersion = 1;
	classes = {
	};
	objectVersion = 46;
	objects = {

/* Begin PBXBuildFile section */
		7F0CC8E489664C67BDA1935E /* libPods-test.a in Frameworks */ = {isa = PBXBuildFile; fileRef = A707D111D3D549D89300469D /* libPods-test.a */; };
		BDC76A535B6547389B893411 /* libPods.a in Frameworks */ = {isa = PBXBuildFile; fileRef = E1E36014811E4DE8992F1CE2 /* libPods.a */; };
		DF00D94F16D71E730098AB4F /* QuartzCore.framework in Frameworks */ = {isa = PBXBuildFile; fileRef = DF00D94E16D71E730098AB4F /* QuartzCore.framework */; };
		DF3402C816B76F440061D4E8 /* UIKit.framework in Frameworks */ = {isa = PBXBuildFile; fileRef = DF3402C716B76F440061D4E8 /* UIKit.framework */; };
		DF3402CA16B76F440061D4E8 /* Foundation.framework in Frameworks */ = {isa = PBXBuildFile; fileRef = DF3402C916B76F440061D4E8 /* Foundation.framework */; };
		DF3402CC16B76F440061D4E8 /* CoreGraphics.framework in Frameworks */ = {isa = PBXBuildFile; fileRef = DF3402CB16B76F440061D4E8 /* CoreGraphics.framework */; };
		DF3402D216B76F440061D4E8 /* Localizable.strings in Resources */ = {isa = PBXBuildFile; fileRef = DF3402D016B76F440061D4E8 /* Localizable.strings */; };
		DF3402D416B76F440061D4E8 /* main.m in Sources */ = {isa = PBXBuildFile; fileRef = DF3402D316B76F440061D4E8 /* main.m */; };
		DF3402D816B76F440061D4E8 /* TAppDelegate.m in Sources */ = {isa = PBXBuildFile; fileRef = DF3402D716B76F440061D4E8 /* TAppDelegate.m */; };
		DF3402DA16B76F450061D4E8 /* Default.png in Resources */ = {isa = PBXBuildFile; fileRef = DF3402D916B76F450061D4E8 /* Default.png */; };
		DF3402DC16B76F450061D4E8 /* Default@2x.png in Resources */ = {isa = PBXBuildFile; fileRef = DF3402DB16B76F450061D4E8 /* Default@2x.png */; };
		DF3402DE16B76F450061D4E8 /* Default-568h@2x.png in Resources */ = {isa = PBXBuildFile; fileRef = DF3402DD16B76F450061D4E8 /* Default-568h@2x.png */; };
		DF3402E616B76F450061D4E8 /* SenTestingKit.framework in Frameworks */ = {isa = PBXBuildFile; fileRef = DF3402E516B76F450061D4E8 /* SenTestingKit.framework */; };
		DF3402E716B76F450061D4E8 /* UIKit.framework in Frameworks */ = {isa = PBXBuildFile; fileRef = DF3402C716B76F440061D4E8 /* UIKit.framework */; };
		DF3402E816B76F450061D4E8 /* Foundation.framework in Frameworks */ = {isa = PBXBuildFile; fileRef = DF3402C916B76F440061D4E8 /* Foundation.framework */; };
		DF3402F016B76F450061D4E8 /* InfoPlist.strings in Resources */ = {isa = PBXBuildFile; fileRef = DF3402EE16B76F450061D4E8 /* InfoPlist.strings */; };
		DF3402F316B76F450061D4E8 /* TournamentTests.m in Sources */ = {isa = PBXBuildFile; fileRef = DF3402F216B76F450061D4E8 /* TournamentTests.m */; };
		DF73DEA816D938CE009C492D /* TCreateTournamentSecondViewController.m in Sources */ = {isa = PBXBuildFile; fileRef = DF73DEA716D938CE009C492D /* TCreateTournamentSecondViewController.m */; };
		DF73DEAB16D94109009C492D /* TTournamentConfigurations.m in Sources */ = {isa = PBXBuildFile; fileRef = DF73DEAA16D94109009C492D /* TTournamentConfigurations.m */; };
		DF73DEAE16D94200009C492D /* TSport.m in Sources */ = {isa = PBXBuildFile; fileRef = DF73DEAD16D94200009C492D /* TSport.m */; };
		DF73DEB216D94853009C492D /* TSportCell.m in Sources */ = {isa = PBXBuildFile; fileRef = DF73DEB116D94853009C492D /* TSportCell.m */; };
		DF73DEB816D94877009C492D /* TPointsCell.m in Sources */ = {isa = PBXBuildFile; fileRef = DF73DEB716D94877009C492D /* TPointsCell.m */; };
		DF7DEC6616D116410092D578 /* TTimelineViewController.m in Sources */ = {isa = PBXBuildFile; fileRef = DF7DEC6516D116410092D578 /* TTimelineViewController.m */; };
		DF7DEC6916D116570092D578 /* TTournamentsViewController.m in Sources */ = {isa = PBXBuildFile; fileRef = DF7DEC6816D116570092D578 /* TTournamentsViewController.m */; };
		DF7DEC7416D124710092D578 /* MainStoryboard.storyboard in Resources */ = {isa = PBXBuildFile; fileRef = DF7DEC7316D124700092D578 /* MainStoryboard.storyboard */; };
		DF9B642C16D41FC700D663A2 /* TCreateTournamentFirstViewController.m in Sources */ = {isa = PBXBuildFile; fileRef = DF9B642B16D41FC700D663A2 /* TCreateTournamentFirstViewController.m */; };
		DF9B642F16D53DC300D663A2 /* TRemoteTournament.m in Sources */ = {isa = PBXBuildFile; fileRef = DF9B642E16D53DC300D663A2 /* TRemoteTournament.m */; };
		DF9B643416D5456600D663A2 /* TTransientSchedule.m in Sources */ = {isa = PBXBuildFile; fileRef = DF9B643316D5456600D663A2 /* TTransientSchedule.m */; };
		DF9B643716D545D700D663A2 /* TTransientStadium.m in Sources */ = {isa = PBXBuildFile; fileRef = DF9B643616D545D700D663A2 /* TTransientStadium.m */; };
		DF9B643A16D547F500D663A2 /* TTournament.m in Sources */ = {isa = PBXBuildFile; fileRef = DF9B643916D547F500D663A2 /* TTournament.m */; };
		DF9B643D16D548AA00D663A2 /* TTournamentModel.m in Sources */ = {isa = PBXBuildFile; fileRef = DF9B643C16D548AA00D663A2 /* TTournamentModel.m */; };
		DF9B644016D7012100D663A2 /* TTournamentUserDefaults.m in Sources */ = {isa = PBXBuildFile; fileRef = DF9B643F16D7012100D663A2 /* TTournamentUserDefaults.m */; };
		DFAAAFC916DAE082006AECC4 /* TCreateTournamentPageViewController.m in Sources */ = {isa = PBXBuildFile; fileRef = DFAAAFC816DAE082006AECC4 /* TCreateTournamentPageViewController.m */; };
		DFB4FAD616CD18320014A427 /* TCustomNavigationBar.m in Sources */ = {isa = PBXBuildFile; fileRef = DFB4FAD516CD18320014A427 /* TCustomNavigationBar.m */; };
		DFD3543616D1A3F200AC0BE2 /* UINavigationController+MultipleStoryboardNavigation.m in Sources */ = {isa = PBXBuildFile; fileRef = DFD3543116D1A3F200AC0BE2 /* UINavigationController+MultipleStoryboardNavigation.m */; };
		DFD3543716D1A3F200AC0BE2 /* UIStoryboard+ViewControllerInstantiate.m in Sources */ = {isa = PBXBuildFile; fileRef = DFD3543316D1A3F200AC0BE2 /* UIStoryboard+ViewControllerInstantiate.m */; };
		DFD3543816D1A3F200AC0BE2 /* UIViewController+MultipleStoryboardNavigation.m in Sources */ = {isa = PBXBuildFile; fileRef = DFD3543516D1A3F200AC0BE2 /* UIViewController+MultipleStoryboardNavigation.m */; };
		DFD3543C16D1A5CE00AC0BE2 /* TCustomNavigationBarViewController.m in Sources */ = {isa = PBXBuildFile; fileRef = DFD3543B16D1A5CE00AC0BE2 /* TCustomNavigationBarViewController.m */; };
		DFD3543F16D1ACFF00AC0BE2 /* CreateTournament.storyboard in Resources */ = {isa = PBXBuildFile; fileRef = DFD3543E16D1ACFF00AC0BE2 /* CreateTournament.storyboard */; };
		DFD3544516D1C3AE00AC0BE2 /* UIColor+CustomBuilders.m in Sources */ = {isa = PBXBuildFile; fileRef = DFD3544416D1C3AE00AC0BE2 /* UIColor+CustomBuilders.m */; };
/* End PBXBuildFile section */

/* Begin PBXContainerItemProxy section */
		DF3402E916B76F450061D4E8 /* PBXContainerItemProxy */ = {
			isa = PBXContainerItemProxy;
			containerPortal = DF3402BA16B76F440061D4E8 /* Project object */;
			proxyType = 1;
			remoteGlobalIDString = DF3402C216B76F440061D4E8;
			remoteInfo = Tournament;
		};
/* End PBXContainerItemProxy section */

/* Begin PBXFileReference section */
		264495F1A11F444E93F2C1D1 /* Pods.xcconfig */ = {isa = PBXFileReference; includeInIndex = 1; lastKnownFileType = text.xcconfig; name = Pods.xcconfig; path = Pods/Pods.xcconfig; sourceTree = SOURCE_ROOT; };
		7017C02E1F9B4C598F60C603 /* Pods-test.xcconfig */ = {isa = PBXFileReference; includeInIndex = 1; lastKnownFileType = text.xcconfig; name = "Pods-test.xcconfig"; path = "Pods/Pods-test.xcconfig"; sourceTree = SOURCE_ROOT; };
		A707D111D3D549D89300469D /* libPods-test.a */ = {isa = PBXFileReference; explicitFileType = archive.ar; includeInIndex = 0; path = "libPods-test.a"; sourceTree = BUILT_PRODUCTS_DIR; };
		DF00D94E16D71E730098AB4F /* QuartzCore.framework */ = {isa = PBXFileReference; lastKnownFileType = wrapper.framework; name = QuartzCore.framework; path = System/Library/Frameworks/QuartzCore.framework; sourceTree = SDKROOT; };
		DF3402C316B76F440061D4E8 /* Tournament.app */ = {isa = PBXFileReference; explicitFileType = wrapper.application; includeInIndex = 0; path = Tournament.app; sourceTree = BUILT_PRODUCTS_DIR; };
		DF3402C716B76F440061D4E8 /* UIKit.framework */ = {isa = PBXFileReference; lastKnownFileType = wrapper.framework; name = UIKit.framework; path = System/Library/Frameworks/UIKit.framework; sourceTree = SDKROOT; };
		DF3402C916B76F440061D4E8 /* Foundation.framework */ = {isa = PBXFileReference; lastKnownFileType = wrapper.framework; name = Foundation.framework; path = System/Library/Frameworks/Foundation.framework; sourceTree = SDKROOT; };
		DF3402CB16B76F440061D4E8 /* CoreGraphics.framework */ = {isa = PBXFileReference; lastKnownFileType = wrapper.framework; name = CoreGraphics.framework; path = System/Library/Frameworks/CoreGraphics.framework; sourceTree = SDKROOT; };
		DF3402CF16B76F440061D4E8 /* Tournament-Info.plist */ = {isa = PBXFileReference; lastKnownFileType = text.plist.xml; path = "Tournament-Info.plist"; sourceTree = "<group>"; };
		DF3402D116B76F440061D4E8 /* en */ = {isa = PBXFileReference; lastKnownFileType = text.plist.strings; name = en; path = en.lproj/Localizable.strings; sourceTree = "<group>"; };
		DF3402D316B76F440061D4E8 /* main.m */ = {isa = PBXFileReference; lastKnownFileType = sourcecode.c.objc; path = main.m; sourceTree = "<group>"; };
		DF3402D516B76F440061D4E8 /* Tournament-Prefix.pch */ = {isa = PBXFileReference; lastKnownFileType = sourcecode.c.h; path = "Tournament-Prefix.pch"; sourceTree = "<group>"; };
		DF3402D616B76F440061D4E8 /* TAppDelegate.h */ = {isa = PBXFileReference; lastKnownFileType = sourcecode.c.h; path = TAppDelegate.h; sourceTree = "<group>"; };
		DF3402D716B76F440061D4E8 /* TAppDelegate.m */ = {isa = PBXFileReference; lastKnownFileType = sourcecode.c.objc; path = TAppDelegate.m; sourceTree = "<group>"; };
		DF3402D916B76F450061D4E8 /* Default.png */ = {isa = PBXFileReference; lastKnownFileType = image.png; path = Default.png; sourceTree = "<group>"; };
		DF3402DB16B76F450061D4E8 /* Default@2x.png */ = {isa = PBXFileReference; lastKnownFileType = image.png; path = "Default@2x.png"; sourceTree = "<group>"; };
		DF3402DD16B76F450061D4E8 /* Default-568h@2x.png */ = {isa = PBXFileReference; lastKnownFileType = image.png; path = "Default-568h@2x.png"; sourceTree = "<group>"; };
		DF3402E416B76F450061D4E8 /* TournamentTests.octest */ = {isa = PBXFileReference; explicitFileType = wrapper.cfbundle; includeInIndex = 0; path = TournamentTests.octest; sourceTree = BUILT_PRODUCTS_DIR; };
		DF3402E516B76F450061D4E8 /* SenTestingKit.framework */ = {isa = PBXFileReference; lastKnownFileType = wrapper.framework; name = SenTestingKit.framework; path = Library/Frameworks/SenTestingKit.framework; sourceTree = DEVELOPER_DIR; };
		DF3402ED16B76F450061D4E8 /* TournamentTests-Info.plist */ = {isa = PBXFileReference; lastKnownFileType = text.plist.xml; path = "TournamentTests-Info.plist"; sourceTree = "<group>"; };
		DF3402EF16B76F450061D4E8 /* en */ = {isa = PBXFileReference; lastKnownFileType = text.plist.strings; name = en; path = en.lproj/InfoPlist.strings; sourceTree = "<group>"; };
		DF3402F116B76F450061D4E8 /* TournamentTests.h */ = {isa = PBXFileReference; lastKnownFileType = sourcecode.c.h; path = TournamentTests.h; sourceTree = "<group>"; };
		DF3402F216B76F450061D4E8 /* TournamentTests.m */ = {isa = PBXFileReference; lastKnownFileType = sourcecode.c.objc; path = TournamentTests.m; sourceTree = "<group>"; };
		DF73DEA616D938CE009C492D /* TCreateTournamentSecondViewController.h */ = {isa = PBXFileReference; fileEncoding = 4; lastKnownFileType = sourcecode.c.h; path = TCreateTournamentSecondViewController.h; sourceTree = "<group>"; };
		DF73DEA716D938CE009C492D /* TCreateTournamentSecondViewController.m */ = {isa = PBXFileReference; fileEncoding = 4; lastKnownFileType = sourcecode.c.objc; path = TCreateTournamentSecondViewController.m; sourceTree = "<group>"; };
		DF73DEA916D94109009C492D /* TTournamentConfigurations.h */ = {isa = PBXFileReference; fileEncoding = 4; lastKnownFileType = sourcecode.c.h; path = TTournamentConfigurations.h; sourceTree = "<group>"; };
		DF73DEAA16D94109009C492D /* TTournamentConfigurations.m */ = {isa = PBXFileReference; fileEncoding = 4; lastKnownFileType = sourcecode.c.objc; path = TTournamentConfigurations.m; sourceTree = "<group>"; };
		DF73DEAC16D94200009C492D /* TSport.h */ = {isa = PBXFileReference; fileEncoding = 4; lastKnownFileType = sourcecode.c.h; path = TSport.h; sourceTree = "<group>"; };
		DF73DEAD16D94200009C492D /* TSport.m */ = {isa = PBXFileReference; fileEncoding = 4; lastKnownFileType = sourcecode.c.objc; path = TSport.m; sourceTree = "<group>"; };
		DF73DEB016D94853009C492D /* TSportCell.h */ = {isa = PBXFileReference; fileEncoding = 4; lastKnownFileType = sourcecode.c.h; path = TSportCell.h; sourceTree = "<group>"; };
		DF73DEB116D94853009C492D /* TSportCell.m */ = {isa = PBXFileReference; fileEncoding = 4; lastKnownFileType = sourcecode.c.objc; path = TSportCell.m; sourceTree = "<group>"; };
		DF73DEB616D94877009C492D /* TPointsCell.h */ = {isa = PBXFileReference; fileEncoding = 4; lastKnownFileType = sourcecode.c.h; path = TPointsCell.h; sourceTree = "<group>"; };
		DF73DEB716D94877009C492D /* TPointsCell.m */ = {isa = PBXFileReference; fileEncoding = 4; lastKnownFileType = sourcecode.c.objc; path = TPointsCell.m; sourceTree = "<group>"; };
		DF7DEC6416D116410092D578 /* TTimelineViewController.h */ = {isa = PBXFileReference; fileEncoding = 4; lastKnownFileType = sourcecode.c.h; path = TTimelineViewController.h; sourceTree = "<group>"; };
		DF7DEC6516D116410092D578 /* TTimelineViewController.m */ = {isa = PBXFileReference; fileEncoding = 4; lastKnownFileType = sourcecode.c.objc; path = TTimelineViewController.m; sourceTree = "<group>"; };
		DF7DEC6716D116570092D578 /* TTournamentsViewController.h */ = {isa = PBXFileReference; fileEncoding = 4; lastKnownFileType = sourcecode.c.h; path = TTournamentsViewController.h; sourceTree = "<group>"; };
		DF7DEC6816D116570092D578 /* TTournamentsViewController.m */ = {isa = PBXFileReference; fileEncoding = 4; lastKnownFileType = sourcecode.c.objc; path = TTournamentsViewController.m; sourceTree = "<group>"; };
		DF7DEC6A16D11BCE0092D578 /* es */ = {isa = PBXFileReference; lastKnownFileType = text.plist.strings; name = es; path = es.lproj/Localizable.strings; sourceTree = "<group>"; };
		DF7DEC6B16D11BCE0092D578 /* es */ = {isa = PBXFileReference; lastKnownFileType = text.plist.strings; name = es; path = es.lproj/InfoPlist.strings; sourceTree = "<group>"; };
		DF7DEC7316D124700092D578 /* MainStoryboard.storyboard */ = {isa = PBXFileReference; fileEncoding = 4; lastKnownFileType = file.storyboard; path = MainStoryboard.storyboard; sourceTree = "<group>"; };
		DF9B642A16D41FC600D663A2 /* TCreateTournamentFirstViewController.h */ = {isa = PBXFileReference; fileEncoding = 4; lastKnownFileType = sourcecode.c.h; path = TCreateTournamentFirstViewController.h; sourceTree = "<group>"; };
		DF9B642B16D41FC700D663A2 /* TCreateTournamentFirstViewController.m */ = {isa = PBXFileReference; fileEncoding = 4; lastKnownFileType = sourcecode.c.objc; path = TCreateTournamentFirstViewController.m; sourceTree = "<group>"; };
		DF9B642D16D53DC300D663A2 /* TRemoteTournament.h */ = {isa = PBXFileReference; fileEncoding = 4; lastKnownFileType = sourcecode.c.h; path = TRemoteTournament.h; sourceTree = "<group>"; };
		DF9B642E16D53DC300D663A2 /* TRemoteTournament.m */ = {isa = PBXFileReference; fileEncoding = 4; lastKnownFileType = sourcecode.c.objc; path = TRemoteTournament.m; sourceTree = "<group>"; };
		DF9B643216D5456600D663A2 /* TTransientSchedule.h */ = {isa = PBXFileReference; fileEncoding = 4; lastKnownFileType = sourcecode.c.h; path = TTransientSchedule.h; sourceTree = "<group>"; };
		DF9B643316D5456600D663A2 /* TTransientSchedule.m */ = {isa = PBXFileReference; fileEncoding = 4; lastKnownFileType = sourcecode.c.objc; path = TTransientSchedule.m; sourceTree = "<group>"; };
		DF9B643516D545D700D663A2 /* TTransientStadium.h */ = {isa = PBXFileReference; fileEncoding = 4; lastKnownFileType = sourcecode.c.h; path = TTransientStadium.h; sourceTree = "<group>"; };
		DF9B643616D545D700D663A2 /* TTransientStadium.m */ = {isa = PBXFileReference; fileEncoding = 4; lastKnownFileType = sourcecode.c.objc; path = TTransientStadium.m; sourceTree = "<group>"; };
		DF9B643816D547F500D663A2 /* TTournament.h */ = {isa = PBXFileReference; fileEncoding = 4; lastKnownFileType = sourcecode.c.h; path = TTournament.h; sourceTree = "<group>"; };
		DF9B643916D547F500D663A2 /* TTournament.m */ = {isa = PBXFileReference; fileEncoding = 4; lastKnownFileType = sourcecode.c.objc; path = TTournament.m; sourceTree = "<group>"; };
		DF9B643B16D548AA00D663A2 /* TTournamentModel.h */ = {isa = PBXFileReference; fileEncoding = 4; lastKnownFileType = sourcecode.c.h; path = TTournamentModel.h; sourceTree = "<group>"; };
		DF9B643C16D548AA00D663A2 /* TTournamentModel.m */ = {isa = PBXFileReference; fileEncoding = 4; lastKnownFileType = sourcecode.c.objc; path = TTournamentModel.m; sourceTree = "<group>"; };
		DF9B643E16D7012100D663A2 /* TTournamentUserDefaults.h */ = {isa = PBXFileReference; fileEncoding = 4; lastKnownFileType = sourcecode.c.h; path = TTournamentUserDefaults.h; sourceTree = "<group>"; };
		DF9B643F16D7012100D663A2 /* TTournamentUserDefaults.m */ = {isa = PBXFileReference; fileEncoding = 4; lastKnownFileType = sourcecode.c.objc; path = TTournamentUserDefaults.m; sourceTree = "<group>"; };
		DFAAAFC716DAE082006AECC4 /* TCreateTournamentPageViewController.h */ = {isa = PBXFileReference; fileEncoding = 4; lastKnownFileType = sourcecode.c.h; path = TCreateTournamentPageViewController.h; sourceTree = "<group>"; };
		DFAAAFC816DAE082006AECC4 /* TCreateTournamentPageViewController.m */ = {isa = PBXFileReference; fileEncoding = 4; lastKnownFileType = sourcecode.c.objc; path = TCreateTournamentPageViewController.m; sourceTree = "<group>"; };
		DFB4FAD416CD18320014A427 /* TCustomNavigationBar.h */ = {isa = PBXFileReference; fileEncoding = 4; lastKnownFileType = sourcecode.c.h; name = TCustomNavigationBar.h; path = ../Utils/TCustomNavigationBar.h; sourceTree = "<group>"; };
		DFB4FAD516CD18320014A427 /* TCustomNavigationBar.m */ = {isa = PBXFileReference; fileEncoding = 4; lastKnownFileType = sourcecode.c.objc; name = TCustomNavigationBar.m; path = ../Utils/TCustomNavigationBar.m; sourceTree = "<group>"; };
		DFD3543016D1A3F200AC0BE2 /* UINavigationController+MultipleStoryboardNavigation.h */ = {isa = PBXFileReference; fileEncoding = 4; lastKnownFileType = sourcecode.c.h; path = "UINavigationController+MultipleStoryboardNavigation.h"; sourceTree = "<group>"; };
		DFD3543116D1A3F200AC0BE2 /* UINavigationController+MultipleStoryboardNavigation.m */ = {isa = PBXFileReference; fileEncoding = 4; lastKnownFileType = sourcecode.c.objc; path = "UINavigationController+MultipleStoryboardNavigation.m"; sourceTree = "<group>"; };
		DFD3543216D1A3F200AC0BE2 /* UIStoryboard+ViewControllerInstantiate.h */ = {isa = PBXFileReference; fileEncoding = 4; lastKnownFileType = sourcecode.c.h; path = "UIStoryboard+ViewControllerInstantiate.h"; sourceTree = "<group>"; };
		DFD3543316D1A3F200AC0BE2 /* UIStoryboard+ViewControllerInstantiate.m */ = {isa = PBXFileReference; fileEncoding = 4; lastKnownFileType = sourcecode.c.objc; path = "UIStoryboard+ViewControllerInstantiate.m"; sourceTree = "<group>"; };
		DFD3543416D1A3F200AC0BE2 /* UIViewController+MultipleStoryboardNavigation.h */ = {isa = PBXFileReference; fileEncoding = 4; lastKnownFileType = sourcecode.c.h; path = "UIViewController+MultipleStoryboardNavigation.h"; sourceTree = "<group>"; };
		DFD3543516D1A3F200AC0BE2 /* UIViewController+MultipleStoryboardNavigation.m */ = {isa = PBXFileReference; fileEncoding = 4; lastKnownFileType = sourcecode.c.objc; path = "UIViewController+MultipleStoryboardNavigation.m"; sourceTree = "<group>"; };
		DFD3543A16D1A5CE00AC0BE2 /* TCustomNavigationBarViewController.h */ = {isa = PBXFileReference; fileEncoding = 4; lastKnownFileType = sourcecode.c.h; path = TCustomNavigationBarViewController.h; sourceTree = "<group>"; };
		DFD3543B16D1A5CE00AC0BE2 /* TCustomNavigationBarViewController.m */ = {isa = PBXFileReference; fileEncoding = 4; lastKnownFileType = sourcecode.c.objc; path = TCustomNavigationBarViewController.m; sourceTree = "<group>"; };
		DFD3543E16D1ACFF00AC0BE2 /* CreateTournament.storyboard */ = {isa = PBXFileReference; fileEncoding = 4; lastKnownFileType = file.storyboard; path = CreateTournament.storyboard; sourceTree = "<group>"; };
		DFD3544316D1C3AE00AC0BE2 /* UIColor+CustomBuilders.h */ = {isa = PBXFileReference; fileEncoding = 4; lastKnownFileType = sourcecode.c.h; path = "UIColor+CustomBuilders.h"; sourceTree = "<group>"; };
		DFD3544416D1C3AE00AC0BE2 /* UIColor+CustomBuilders.m */ = {isa = PBXFileReference; fileEncoding = 4; lastKnownFileType = sourcecode.c.objc; path = "UIColor+CustomBuilders.m"; sourceTree = "<group>"; };
		E1E36014811E4DE8992F1CE2 /* libPods.a */ = {isa = PBXFileReference; explicitFileType = archive.ar; includeInIndex = 0; path = libPods.a; sourceTree = BUILT_PRODUCTS_DIR; };
/* End PBXFileReference section */

/* Begin PBXFrameworksBuildPhase section */
		DF3402C016B76F440061D4E8 /* Frameworks */ = {
			isa = PBXFrameworksBuildPhase;
			buildActionMask = 2147483647;
			files = (
				DF00D94F16D71E730098AB4F /* QuartzCore.framework in Frameworks */,
				DF3402C816B76F440061D4E8 /* UIKit.framework in Frameworks */,
				DF3402CA16B76F440061D4E8 /* Foundation.framework in Frameworks */,
				DF3402CC16B76F440061D4E8 /* CoreGraphics.framework in Frameworks */,
				BDC76A535B6547389B893411 /* libPods.a in Frameworks */,
			);
			runOnlyForDeploymentPostprocessing = 0;
		};
		DF3402E016B76F450061D4E8 /* Frameworks */ = {
			isa = PBXFrameworksBuildPhase;
			buildActionMask = 2147483647;
			files = (
				DF3402E616B76F450061D4E8 /* SenTestingKit.framework in Frameworks */,
				DF3402E716B76F450061D4E8 /* UIKit.framework in Frameworks */,
				DF3402E816B76F450061D4E8 /* Foundation.framework in Frameworks */,
				7F0CC8E489664C67BDA1935E /* libPods-test.a in Frameworks */,
			);
			runOnlyForDeploymentPostprocessing = 0;
		};
/* End PBXFrameworksBuildPhase section */

/* Begin PBXGroup section */
		DF3402B816B76F440061D4E8 = {
			isa = PBXGroup;
			children = (
				DF3402CD16B76F440061D4E8 /* Tournament */,
				DF3402EB16B76F450061D4E8 /* TournamentTests */,
				DF3402C616B76F440061D4E8 /* Frameworks */,
				DF3402C416B76F440061D4E8 /* Products */,
				264495F1A11F444E93F2C1D1 /* Pods.xcconfig */,
				7017C02E1F9B4C598F60C603 /* Pods-test.xcconfig */,
			);
			sourceTree = "<group>";
		};
		DF3402C416B76F440061D4E8 /* Products */ = {
			isa = PBXGroup;
			children = (
				DF3402C316B76F440061D4E8 /* Tournament.app */,
				DF3402E416B76F450061D4E8 /* TournamentTests.octest */,
			);
			name = Products;
			sourceTree = "<group>";
		};
		DF3402C616B76F440061D4E8 /* Frameworks */ = {
			isa = PBXGroup;
			children = (
				DF00D94E16D71E730098AB4F /* QuartzCore.framework */,
				DF3402C716B76F440061D4E8 /* UIKit.framework */,
				DF3402C916B76F440061D4E8 /* Foundation.framework */,
				DF3402CB16B76F440061D4E8 /* CoreGraphics.framework */,
				DF3402E516B76F450061D4E8 /* SenTestingKit.framework */,
				E1E36014811E4DE8992F1CE2 /* libPods.a */,
				A707D111D3D549D89300469D /* libPods-test.a */,
			);
			name = Frameworks;
			sourceTree = "<group>";
		};
		DF3402CD16B76F440061D4E8 /* Tournament */ = {
			isa = PBXGroup;
			children = (
				DFB4FACD16CD10EB0014A427 /* Controllers */,
				DFB4FACE16CD10F70014A427 /* Model */,
				DFB4FACF16CD10F70014A427 /* Utils */,
				DF3402D616B76F440061D4E8 /* TAppDelegate.h */,
				DF3402D716B76F440061D4E8 /* TAppDelegate.m */,
				DF3402CE16B76F440061D4E8 /* Supporting Files */,
			);
			path = Tournament;
			sourceTree = "<group>";
		};
		DF3402CE16B76F440061D4E8 /* Supporting Files */ = {
			isa = PBXGroup;
			children = (
				DF3402CF16B76F440061D4E8 /* Tournament-Info.plist */,
				DF3402D016B76F440061D4E8 /* Localizable.strings */,
				DF3402D316B76F440061D4E8 /* main.m */,
				DF3402D516B76F440061D4E8 /* Tournament-Prefix.pch */,
				DF3402D916B76F450061D4E8 /* Default.png */,
				DF3402DB16B76F450061D4E8 /* Default@2x.png */,
				DF3402DD16B76F450061D4E8 /* Default-568h@2x.png */,
			);
			name = "Supporting Files";
			sourceTree = "<group>";
		};
		DF3402EB16B76F450061D4E8 /* TournamentTests */ = {
			isa = PBXGroup;
			children = (
				DF3402F116B76F450061D4E8 /* TournamentTests.h */,
				DF3402F216B76F450061D4E8 /* TournamentTests.m */,
				DF3402EC16B76F450061D4E8 /* Supporting Files */,
			);
			path = TournamentTests;
			sourceTree = "<group>";
		};
		DF3402EC16B76F450061D4E8 /* Supporting Files */ = {
			isa = PBXGroup;
			children = (
				DF3402ED16B76F450061D4E8 /* TournamentTests-Info.plist */,
				DF3402EE16B76F450061D4E8 /* InfoPlist.strings */,
			);
			name = "Supporting Files";
			sourceTree = "<group>";
		};
		DF73DEAF16D945E7009C492D /* Cells */ = {
			isa = PBXGroup;
			children = (
				DF73DEB016D94853009C492D /* TSportCell.h */,
				DF73DEB116D94853009C492D /* TSportCell.m */,
				DF73DEB616D94877009C492D /* TPointsCell.h */,
				DF73DEB716D94877009C492D /* TPointsCell.m */,
			);
			name = Cells;
			sourceTree = "<group>";
		};
		DF9B643016D5452500D663A2 /* Remote Objects */ = {
			isa = PBXGroup;
			children = (
				DF9B642D16D53DC300D663A2 /* TRemoteTournament.h */,
				DF9B642E16D53DC300D663A2 /* TRemoteTournament.m */,
			);
			name = "Remote Objects";
			sourceTree = "<group>";
		};
		DF9B643116D5453400D663A2 /* Transient Objects */ = {
			isa = PBXGroup;
			children = (
				DF9B643216D5456600D663A2 /* TTransientSchedule.h */,
				DF9B643316D5456600D663A2 /* TTransientSchedule.m */,
				DF9B643516D545D700D663A2 /* TTransientStadium.h */,
				DF9B643616D545D700D663A2 /* TTransientStadium.m */,
				DF73DEAC16D94200009C492D /* TSport.h */,
				DF73DEAD16D94200009C492D /* TSport.m */,
			);
			name = "Transient Objects";
			sourceTree = "<group>";
		};
		DFB4FACD16CD10EB0014A427 /* Controllers */ = {
			isa = PBXGroup;
			children = (
				DFD3543916D1A5A200AC0BE2 /* General */,
				DFD3543D16D1AC4100AC0BE2 /* New Tournaments */,
				DFB4FAD116CD110B0014A427 /* Tournaments */,
				DFB4FAD016CD11050014A427 /* Timeline */,
			);
			path = Controllers;
			sourceTree = "<group>";
		};
		DFB4FACE16CD10F70014A427 /* Model */ = {
			isa = PBXGroup;
			children = (
				DF9B643116D5453400D663A2 /* Transient Objects */,
				DF9B643016D5452500D663A2 /* Remote Objects */,
			);
			path = Model;
			sourceTree = "<group>";
		};
		DFB4FACF16CD10F70014A427 /* Utils */ = {
			isa = PBXGroup;
			children = (
				DFD3542F16D1A3BA00AC0BE2 /* Categories */,
				DF9B643B16D548AA00D663A2 /* TTournamentModel.h */,
				DF9B643C16D548AA00D663A2 /* TTournamentModel.m */,
				DF9B643E16D7012100D663A2 /* TTournamentUserDefaults.h */,
				DF9B643F16D7012100D663A2 /* TTournamentUserDefaults.m */,
				DF73DEA916D94109009C492D /* TTournamentConfigurations.h */,
				DF73DEAA16D94109009C492D /* TTournamentConfigurations.m */,
			);
			path = Utils;
			sourceTree = "<group>";
		};
		DFB4FAD016CD11050014A427 /* Timeline */ = {
			isa = PBXGroup;
			children = (
				DF7DEC6416D116410092D578 /* TTimelineViewController.h */,
				DF7DEC6516D116410092D578 /* TTimelineViewController.m */,
			);
			name = Timeline;
			sourceTree = "<group>";
		};
		DFB4FAD116CD110B0014A427 /* Tournaments */ = {
			isa = PBXGroup;
			children = (
				DF7DEC6716D116570092D578 /* TTournamentsViewController.h */,
				DF7DEC6816D116570092D578 /* TTournamentsViewController.m */,
			);
			name = Tournaments;
			sourceTree = "<group>";
		};
		DFD3542F16D1A3BA00AC0BE2 /* Categories */ = {
			isa = PBXGroup;
			children = (
				DFD3544316D1C3AE00AC0BE2 /* UIColor+CustomBuilders.h */,
				DFD3544416D1C3AE00AC0BE2 /* UIColor+CustomBuilders.m */,
				DFD3543016D1A3F200AC0BE2 /* UINavigationController+MultipleStoryboardNavigation.h */,
				DFD3543116D1A3F200AC0BE2 /* UINavigationController+MultipleStoryboardNavigation.m */,
				DFD3543216D1A3F200AC0BE2 /* UIStoryboard+ViewControllerInstantiate.h */,
				DFD3543316D1A3F200AC0BE2 /* UIStoryboard+ViewControllerInstantiate.m */,
				DFD3543416D1A3F200AC0BE2 /* UIViewController+MultipleStoryboardNavigation.h */,
				DFD3543516D1A3F200AC0BE2 /* UIViewController+MultipleStoryboardNavigation.m */,
			);
			name = Categories;
			sourceTree = "<group>";
		};
		DFD3543916D1A5A200AC0BE2 /* General */ = {
			isa = PBXGroup;
			children = (
				DF7DEC7316D124700092D578 /* MainStoryboard.storyboard */,
				DFB4FAD416CD18320014A427 /* TCustomNavigationBar.h */,
				DFB4FAD516CD18320014A427 /* TCustomNavigationBar.m */,
				DFD3543A16D1A5CE00AC0BE2 /* TCustomNavigationBarViewController.h */,
				DFD3543B16D1A5CE00AC0BE2 /* TCustomNavigationBarViewController.m */,
				DF9B643816D547F500D663A2 /* TTournament.h */,
				DF9B643916D547F500D663A2 /* TTournament.m */,
			);
			name = General;
			sourceTree = "<group>";
		};
		DFD3543D16D1AC4100AC0BE2 /* New Tournaments */ = {
			isa = PBXGroup;
			children = (
				DF73DEAF16D945E7009C492D /* Cells */,
				DFD3543E16D1ACFF00AC0BE2 /* CreateTournament.storyboard */,
				DF9B642A16D41FC600D663A2 /* TCreateTournamentFirstViewController.h */,
				DF9B642B16D41FC700D663A2 /* TCreateTournamentFirstViewController.m */,
				DF73DEA616D938CE009C492D /* TCreateTournamentSecondViewController.h */,
				DF73DEA716D938CE009C492D /* TCreateTournamentSecondViewController.m */,
				DFAAAFC716DAE082006AECC4 /* TCreateTournamentPageViewController.h */,
				DFAAAFC816DAE082006AECC4 /* TCreateTournamentPageViewController.m */,
			);
			name = "New Tournaments";
			sourceTree = "<group>";
		};
/* End PBXGroup section */

/* Begin PBXNativeTarget section */
		DF3402C216B76F440061D4E8 /* Tournament */ = {
			isa = PBXNativeTarget;
			buildConfigurationList = DF3402F616B76F450061D4E8 /* Build configuration list for PBXNativeTarget "Tournament" */;
			buildPhases = (
				DF3402BF16B76F440061D4E8 /* Sources */,
				DF3402C016B76F440061D4E8 /* Frameworks */,
				DF3402C116B76F440061D4E8 /* Resources */,
				7522D0D3B43E461D816B921F /* Copy Pods Resources */,
			);
			buildRules = (
			);
			dependencies = (
			);
			name = Tournament;
			productName = Tournament;
			productReference = DF3402C316B76F440061D4E8 /* Tournament.app */;
			productType = "com.apple.product-type.application";
		};
		DF3402E316B76F450061D4E8 /* TournamentTests */ = {
			isa = PBXNativeTarget;
			buildConfigurationList = DF3402F916B76F450061D4E8 /* Build configuration list for PBXNativeTarget "TournamentTests" */;
			buildPhases = (
				DF3402DF16B76F450061D4E8 /* Sources */,
				DF3402E016B76F450061D4E8 /* Frameworks */,
				DF3402E116B76F450061D4E8 /* Resources */,
				DF3402E216B76F450061D4E8 /* ShellScript */,
				FE6C6FBC904F4B4D8646C8F1 /* Copy Pods Resources */,
			);
			buildRules = (
			);
			dependencies = (
				DF3402EA16B76F450061D4E8 /* PBXTargetDependency */,
			);
			name = TournamentTests;
			productName = TournamentTests;
			productReference = DF3402E416B76F450061D4E8 /* TournamentTests.octest */;
			productType = "com.apple.product-type.bundle";
		};
/* End PBXNativeTarget section */

/* Begin PBXProject section */
		DF3402BA16B76F440061D4E8 /* Project object */ = {
			isa = PBXProject;
			attributes = {
				CLASSPREFIX = T;
				LastUpgradeCheck = 0450;
			};
			buildConfigurationList = DF3402BD16B76F440061D4E8 /* Build configuration list for PBXProject "Tournament" */;
			compatibilityVersion = "Xcode 3.2";
			developmentRegion = English;
			hasScannedForEncodings = 0;
			knownRegions = (
				en,
				es,
			);
			mainGroup = DF3402B816B76F440061D4E8;
			productRefGroup = DF3402C416B76F440061D4E8 /* Products */;
			projectDirPath = "";
			projectRoot = "";
			targets = (
				DF3402C216B76F440061D4E8 /* Tournament */,
				DF3402E316B76F450061D4E8 /* TournamentTests */,
			);
		};
/* End PBXProject section */

/* Begin PBXResourcesBuildPhase section */
		DF3402C116B76F440061D4E8 /* Resources */ = {
			isa = PBXResourcesBuildPhase;
			buildActionMask = 2147483647;
			files = (
				DF3402D216B76F440061D4E8 /* Localizable.strings in Resources */,
				DF3402DA16B76F450061D4E8 /* Default.png in Resources */,
				DF3402DC16B76F450061D4E8 /* Default@2x.png in Resources */,
				DF3402DE16B76F450061D4E8 /* Default-568h@2x.png in Resources */,
				DF7DEC7416D124710092D578 /* MainStoryboard.storyboard in Resources */,
				DFD3543F16D1ACFF00AC0BE2 /* CreateTournament.storyboard in Resources */,
			);
			runOnlyForDeploymentPostprocessing = 0;
		};
		DF3402E116B76F450061D4E8 /* Resources */ = {
			isa = PBXResourcesBuildPhase;
			buildActionMask = 2147483647;
			files = (
				DF3402F016B76F450061D4E8 /* InfoPlist.strings in Resources */,
			);
			runOnlyForDeploymentPostprocessing = 0;
		};
/* End PBXResourcesBuildPhase section */

/* Begin PBXShellScriptBuildPhase section */
		7522D0D3B43E461D816B921F /* Copy Pods Resources */ = {
			isa = PBXShellScriptBuildPhase;
			buildActionMask = 2147483647;
			files = (
			);
			inputPaths = (
			);
			name = "Copy Pods Resources";
			outputPaths = (
			);
			runOnlyForDeploymentPostprocessing = 0;
			shellPath = /bin/sh;
			shellScript = "\"${SRCROOT}/Pods/Pods-resources.sh\"\n";
		};
		DF3402E216B76F450061D4E8 /* ShellScript */ = {
			isa = PBXShellScriptBuildPhase;
			buildActionMask = 2147483647;
			files = (
			);
			inputPaths = (
			);
			outputPaths = (
			);
			runOnlyForDeploymentPostprocessing = 0;
			shellPath = /bin/sh;
			shellScript = "# Run the unit tests in this test bundle.\n\"${SYSTEM_DEVELOPER_DIR}/Tools/RunUnitTests\"\n";
		};
		FE6C6FBC904F4B4D8646C8F1 /* Copy Pods Resources */ = {
			isa = PBXShellScriptBuildPhase;
			buildActionMask = 2147483647;
			files = (
			);
			inputPaths = (
			);
			name = "Copy Pods Resources";
			outputPaths = (
			);
			runOnlyForDeploymentPostprocessing = 0;
			shellPath = /bin/sh;
			shellScript = "\"${SRCROOT}/Pods/Pods-test-resources.sh\"\n";
		};
/* End PBXShellScriptBuildPhase section */

/* Begin PBXSourcesBuildPhase section */
		DF3402BF16B76F440061D4E8 /* Sources */ = {
			isa = PBXSourcesBuildPhase;
			buildActionMask = 2147483647;
			files = (
				DF3402D416B76F440061D4E8 /* main.m in Sources */,
				DF3402D816B76F440061D4E8 /* TAppDelegate.m in Sources */,
				DFB4FAD616CD18320014A427 /* TCustomNavigationBar.m in Sources */,
				DF7DEC6616D116410092D578 /* TTimelineViewController.m in Sources */,
				DF7DEC6916D116570092D578 /* TTournamentsViewController.m in Sources */,
				DFD3543616D1A3F200AC0BE2 /* UINavigationController+MultipleStoryboardNavigation.m in Sources */,
				DFD3543716D1A3F200AC0BE2 /* UIStoryboard+ViewControllerInstantiate.m in Sources */,
				DFD3543816D1A3F200AC0BE2 /* UIViewController+MultipleStoryboardNavigation.m in Sources */,
				DFD3543C16D1A5CE00AC0BE2 /* TCustomNavigationBarViewController.m in Sources */,
				DFD3544516D1C3AE00AC0BE2 /* UIColor+CustomBuilders.m in Sources */,
				DF9B642C16D41FC700D663A2 /* TCreateTournamentFirstViewController.m in Sources */,
				DF9B642F16D53DC300D663A2 /* TRemoteTournament.m in Sources */,
				DF9B643416D5456600D663A2 /* TTransientSchedule.m in Sources */,
				DF9B643716D545D700D663A2 /* TTransientStadium.m in Sources */,
				DF9B643A16D547F500D663A2 /* TTournament.m in Sources */,
				DF9B643D16D548AA00D663A2 /* TTournamentModel.m in Sources */,
				DF9B644016D7012100D663A2 /* TTournamentUserDefaults.m in Sources */,
				DF73DEA816D938CE009C492D /* TCreateTournamentSecondViewController.m in Sources */,
				DF73DEAB16D94109009C492D /* TTournamentConfigurations.m in Sources */,
				DF73DEAE16D94200009C492D /* TSport.m in Sources */,
				DF73DEB216D94853009C492D /* TSportCell.m in Sources */,
				DF73DEB816D94877009C492D /* TPointsCell.m in Sources */,
				DFAAAFC916DAE082006AECC4 /* TCreateTournamentPageViewController.m in Sources */,
			);
			runOnlyForDeploymentPostprocessing = 0;
		};
		DF3402DF16B76F450061D4E8 /* Sources */ = {
			isa = PBXSourcesBuildPhase;
			buildActionMask = 2147483647;
			files = (
				DF3402F316B76F450061D4E8 /* TournamentTests.m in Sources */,
			);
			runOnlyForDeploymentPostprocessing = 0;
		};
/* End PBXSourcesBuildPhase section */

/* Begin PBXTargetDependency section */
		DF3402EA16B76F450061D4E8 /* PBXTargetDependency */ = {
			isa = PBXTargetDependency;
			target = DF3402C216B76F440061D4E8 /* Tournament */;
			targetProxy = DF3402E916B76F450061D4E8 /* PBXContainerItemProxy */;
		};
/* End PBXTargetDependency section */

/* Begin PBXVariantGroup section */
		DF3402D016B76F440061D4E8 /* Localizable.strings */ = {
			isa = PBXVariantGroup;
			children = (
				DF3402D116B76F440061D4E8 /* en */,
				DF7DEC6A16D11BCE0092D578 /* es */,
			);
			name = Localizable.strings;
			sourceTree = "<group>";
		};
		DF3402EE16B76F450061D4E8 /* InfoPlist.strings */ = {
			isa = PBXVariantGroup;
			children = (
				DF3402EF16B76F450061D4E8 /* en */,
				DF7DEC6B16D11BCE0092D578 /* es */,
			);
			name = InfoPlist.strings;
			sourceTree = "<group>";
		};
/* End PBXVariantGroup section */

/* Begin XCBuildConfiguration section */
		DF3402F416B76F450061D4E8 /* Debug */ = {
			isa = XCBuildConfiguration;
			buildSettings = {
				ALWAYS_SEARCH_USER_PATHS = NO;
				CLANG_CXX_LANGUAGE_STANDARD = "gnu++0x";
				CLANG_CXX_LIBRARY = "libc++";
				CLANG_ENABLE_OBJC_ARC = YES;
				CLANG_WARN_EMPTY_BODY = YES;
				CLANG_WARN__DUPLICATE_METHOD_MATCH = YES;
				"CODE_SIGN_IDENTITY[sdk=iphoneos*]" = "iPhone Developer";
				COPY_PHASE_STRIP = NO;
				GCC_C_LANGUAGE_STANDARD = gnu99;
				GCC_DYNAMIC_NO_PIC = NO;
				GCC_OPTIMIZATION_LEVEL = 0;
				GCC_PREPROCESSOR_DEFINITIONS = (
					"DEBUG=1",
					"$(inherited)",
				);
				GCC_SYMBOLS_PRIVATE_EXTERN = NO;
				GCC_WARN_ABOUT_RETURN_TYPE = YES;
				GCC_WARN_UNINITIALIZED_AUTOS = YES;
				GCC_WARN_UNUSED_VARIABLE = YES;
				IPHONEOS_DEPLOYMENT_TARGET = 6.0;
				ONLY_ACTIVE_ARCH = YES;
				SDKROOT = iphoneos;
				TARGETED_DEVICE_FAMILY = "1,2";
			};
			name = Debug;
		};
		DF3402F516B76F450061D4E8 /* Release */ = {
			isa = XCBuildConfiguration;
			buildSettings = {
				ALWAYS_SEARCH_USER_PATHS = NO;
				CLANG_CXX_LANGUAGE_STANDARD = "gnu++0x";
				CLANG_CXX_LIBRARY = "libc++";
				CLANG_ENABLE_OBJC_ARC = YES;
				CLANG_WARN_EMPTY_BODY = YES;
				CLANG_WARN__DUPLICATE_METHOD_MATCH = YES;
				"CODE_SIGN_IDENTITY[sdk=iphoneos*]" = "iPhone Developer";
				COPY_PHASE_STRIP = YES;
				GCC_C_LANGUAGE_STANDARD = gnu99;
				GCC_WARN_ABOUT_RETURN_TYPE = YES;
				GCC_WARN_UNINITIALIZED_AUTOS = YES;
				GCC_WARN_UNUSED_VARIABLE = YES;
				IPHONEOS_DEPLOYMENT_TARGET = 6.0;
				OTHER_CFLAGS = "-DNS_BLOCK_ASSERTIONS=1";
				SDKROOT = iphoneos;
				TARGETED_DEVICE_FAMILY = "1,2";
				VALIDATE_PRODUCT = YES;
			};
			name = Release;
		};
		DF3402F716B76F450061D4E8 /* Debug */ = {
			isa = XCBuildConfiguration;
			baseConfigurationReference = 264495F1A11F444E93F2C1D1 /* Pods.xcconfig */;
			buildSettings = {
				GCC_PRECOMPILE_PREFIX_HEADER = YES;
				GCC_PREFIX_HEADER = "Tournament/Tournament-Prefix.pch";
				INFOPLIST_FILE = "Tournament/Tournament-Info.plist";
				PRODUCT_NAME = "$(TARGET_NAME)";
				WRAPPER_EXTENSION = app;
			};
			name = Debug;
		};
		DF3402F816B76F450061D4E8 /* Release */ = {
			isa = XCBuildConfiguration;
			baseConfigurationReference = 264495F1A11F444E93F2C1D1 /* Pods.xcconfig */;
			buildSettings = {
				GCC_PRECOMPILE_PREFIX_HEADER = YES;
				GCC_PREFIX_HEADER = "Tournament/Tournament-Prefix.pch";
				INFOPLIST_FILE = "Tournament/Tournament-Info.plist";
				PRODUCT_NAME = "$(TARGET_NAME)";
				WRAPPER_EXTENSION = app;
			};
			name = Release;
		};
		DF3402FA16B76F450061D4E8 /* Debug */ = {
			isa = XCBuildConfiguration;
			baseConfigurationReference = 7017C02E1F9B4C598F60C603 /* Pods-test.xcconfig */;
			buildSettings = {
				BUNDLE_LOADER = "$(BUILT_PRODUCTS_DIR)/Tournament.app/Tournament";
				FRAMEWORK_SEARCH_PATHS = (
					"\"$(SDKROOT)/Developer/Library/Frameworks\"",
					"\"$(DEVELOPER_LIBRARY_DIR)/Frameworks\"",
				);
				GCC_PRECOMPILE_PREFIX_HEADER = YES;
				GCC_PREFIX_HEADER = "Tournament/Tournament-Prefix.pch";
				INFOPLIST_FILE = "TournamentTests/TournamentTests-Info.plist";
				PRODUCT_NAME = "$(TARGET_NAME)";
				TEST_HOST = "$(BUNDLE_LOADER)";
				WRAPPER_EXTENSION = octest;
			};
			name = Debug;
		};
		DF3402FB16B76F450061D4E8 /* Release */ = {
			isa = XCBuildConfiguration;
			baseConfigurationReference = 7017C02E1F9B4C598F60C603 /* Pods-test.xcconfig */;
			buildSettings = {
				BUNDLE_LOADER = "$(BUILT_PRODUCTS_DIR)/Tournament.app/Tournament";
				FRAMEWORK_SEARCH_PATHS = (
					"\"$(SDKROOT)/Developer/Library/Frameworks\"",
					"\"$(DEVELOPER_LIBRARY_DIR)/Frameworks\"",
				);
				GCC_PRECOMPILE_PREFIX_HEADER = YES;
				GCC_PREFIX_HEADER = "Tournament/Tournament-Prefix.pch";
				INFOPLIST_FILE = "TournamentTests/TournamentTests-Info.plist";
				PRODUCT_NAME = "$(TARGET_NAME)";
				TEST_HOST = "$(BUNDLE_LOADER)";
				WRAPPER_EXTENSION = octest;
			};
			name = Release;
		};
		DF7DEC6C16D11BD60092D578 /* AdHoc */ = {
			isa = XCBuildConfiguration;
			buildSettings = {
				ALWAYS_SEARCH_USER_PATHS = NO;
				CLANG_CXX_LANGUAGE_STANDARD = "gnu++0x";
				CLANG_CXX_LIBRARY = "libc++";
				CLANG_ENABLE_OBJC_ARC = YES;
				CLANG_WARN_EMPTY_BODY = YES;
				CLANG_WARN__DUPLICATE_METHOD_MATCH = YES;
				"CODE_SIGN_IDENTITY[sdk=iphoneos*]" = "iPhone Developer";
				COPY_PHASE_STRIP = YES;
				GCC_C_LANGUAGE_STANDARD = gnu99;
				GCC_WARN_ABOUT_RETURN_TYPE = YES;
				GCC_WARN_UNINITIALIZED_AUTOS = YES;
				GCC_WARN_UNUSED_VARIABLE = YES;
				IPHONEOS_DEPLOYMENT_TARGET = 6.0;
				OTHER_CFLAGS = "-DNS_BLOCK_ASSERTIONS=1";
				SDKROOT = iphoneos;
				TARGETED_DEVICE_FAMILY = "1,2";
				VALIDATE_PRODUCT = YES;
			};
			name = AdHoc;
		};
		DF7DEC6D16D11BD60092D578 /* AdHoc */ = {
			isa = XCBuildConfiguration;
			baseConfigurationReference = 264495F1A11F444E93F2C1D1 /* Pods.xcconfig */;
			buildSettings = {
				GCC_PRECOMPILE_PREFIX_HEADER = YES;
				GCC_PREFIX_HEADER = "Tournament/Tournament-Prefix.pch";
				INFOPLIST_FILE = "Tournament/Tournament-Info.plist";
				PRODUCT_NAME = "$(TARGET_NAME)";
				WRAPPER_EXTENSION = app;
			};
			name = AdHoc;
		};
		DF7DEC6E16D11BD60092D578 /* AdHoc */ = {
			isa = XCBuildConfiguration;
			baseConfigurationReference = 7017C02E1F9B4C598F60C603 /* Pods-test.xcconfig */;
			buildSettings = {
				BUNDLE_LOADER = "$(BUILT_PRODUCTS_DIR)/Tournament.app/Tournament";
				FRAMEWORK_SEARCH_PATHS = (
					"\"$(SDKROOT)/Developer/Library/Frameworks\"",
					"\"$(DEVELOPER_LIBRARY_DIR)/Frameworks\"",
				);
				GCC_PRECOMPILE_PREFIX_HEADER = YES;
				GCC_PREFIX_HEADER = "Tournament/Tournament-Prefix.pch";
				INFOPLIST_FILE = "TournamentTests/TournamentTests-Info.plist";
				PRODUCT_NAME = "$(TARGET_NAME)";
				TEST_HOST = "$(BUNDLE_LOADER)";
				WRAPPER_EXTENSION = octest;
			};
			name = AdHoc;
		};
/* End XCBuildConfiguration section */

/* Begin XCConfigurationList section */
		DF3402BD16B76F440061D4E8 /* Build configuration list for PBXProject "Tournament" */ = {
			isa = XCConfigurationList;
			buildConfigurations = (
				DF3402F416B76F450061D4E8 /* Debug */,
				DF3402F516B76F450061D4E8 /* Release */,
				DF7DEC6C16D11BD60092D578 /* AdHoc */,
			);
			defaultConfigurationIsVisible = 0;
			defaultConfigurationName = Release;
		};
		DF3402F616B76F450061D4E8 /* Build configuration list for PBXNativeTarget "Tournament" */ = {
			isa = XCConfigurationList;
			buildConfigurations = (
				DF3402F716B76F450061D4E8 /* Debug */,
				DF3402F816B76F450061D4E8 /* Release */,
				DF7DEC6D16D11BD60092D578 /* AdHoc */,
			);
			defaultConfigurationIsVisible = 0;
			defaultConfigurationName = Release;
		};
		DF3402F916B76F450061D4E8 /* Build configuration list for PBXNativeTarget "TournamentTests" */ = {
			isa = XCConfigurationList;
			buildConfigurations = (
				DF3402FA16B76F450061D4E8 /* Debug */,
				DF3402FB16B76F450061D4E8 /* Release */,
				DF7DEC6E16D11BD60092D578 /* AdHoc */,
			);
			defaultConfigurationIsVisible = 0;
			defaultConfigurationName = Release;
		};
/* End XCConfigurationList section */
	};
	rootObject = DF3402BA16B76F440061D4E8 /* Project object */;
}
